
Microsoft Visual Studio Solution File, Format Version 12.00
# Visual Studio Version 16
VisualStudioVersion = 16.0.29709.97
MinimumVisualStudioVersion = 10.0.40219.1
Project("{FAE04EC0-301F-11D3-BF4B-00C04F79EFBC}") = "NGO.MyWeb", "NGO.MyWeb\NGO.MyWeb.csproj", "{EE4D5290-8A69-4E29-9458-02D20B5408F6}"
EndProject
Project("{FAE04EC0-301F-11D3-BF4B-00C04F79EFBC}") = "NGO.Data", "NGO.Data\NGO.Data.csproj", "{831FB64F-56DF-4988-B8B5-4239F42D7ADB}"
EndProject
Project("{FAE04EC0-301F-11D3-BF4B-00C04F79EFBC}") = "NGO.WebAPI", "NGO.WebAPI\NGO.WebAPI.csproj", "{D71FF503-FF48-4A8C-B5D2-E59BD5EC81EB}"
EndProject
Global
	GlobalSection(SolutionConfigurationPlatforms) = preSolution
		Debug|Any CPU = Debug|Any CPU
		Release|Any CPU = Release|Any CPU
	EndGlobalSection
	GlobalSection(ProjectConfigurationPlatforms) = postSolution
		{EE4D5290-8A69-4E29-9458-02D20B5408F6}.Debug|Any CPU.ActiveCfg = Debug|Any CPU
		{EE4D5290-8A69-4E29-9458-02D20B5408F6}.Debug|Any CPU.Build.0 = Debug|Any CPU
		{EE4D5290-8A69-4E29-9458-02D20B5408F6}.Release|Any CPU.ActiveCfg = Release|Any CPU
		{EE4D5290-8A69-4E29-9458-02D20B5408F6}.Release|Any CPU.Build.0 = Release|Any CPU
		{831FB64F-56DF-4988-B8B5-4239F42D7ADB}.Debug|Any CPU.ActiveCfg = Debug|Any CPU
		{831FB64F-56DF-4988-B8B5-4239F42D7ADB}.Debug|Any CPU.Build.0 = Debug|Any CPU
		{831FB64F-56DF-4988-B8B5-4239F42D7ADB}.Release|Any CPU.ActiveCfg = Release|Any CPU
		{831FB64F-56DF-4988-B8B5-4239F42D7ADB}.Release|Any CPU.Build.0 = Release|Any CPU
		{D71FF503-FF48-4A8C-B5D2-E59BD5EC81EB}.Debug|Any CPU.ActiveCfg = Debug|Any CPU
		{D71FF503-FF48-4A8C-B5D2-E59BD5EC81EB}.Debug|Any CPU.Build.0 = Debug|Any CPU
		{D71FF503-FF48-4A8C-B5D2-E59BD5EC81EB}.Release|Any CPU.ActiveCfg = Release|Any CPU
		{D71FF503-FF48-4A8C-B5D2-E59BD5EC81EB}.Release|Any CPU.Build.0 = Release|Any CPU
	EndGlobalSection
	GlobalSection(SolutionProperties) = preSolution
		HideSolutionNode = FALSE
	EndGlobalSection
	GlobalSection(ExtensibilityGlobals) = postSolution
		SolutionGuid = {D3B3B350-1C04-4676-AE00-C964E25C55C5}
	EndGlobalSection
EndGlobal
